
Microsoft Visual Studio Solution File, Format Version 12.00
Project("{FAE04EC0-301F-11D3-BF4B-00C04F79EFBC}") = "Lendme.Web", "src\Monolithic\Lendme.Web\Lendme.Web.csproj", "{13414C0E-6733-4EBD-AC6B-3A31FE1B9EF3}"
EndProject
Project("{2150E333-8FDC-42A3-9474-1A3956D46DE8}") = "src", "src", "{3A7142BE-0B2E-4182-A59E-19B5070728CC}"
EndProject
Project("{FAE04EC0-301F-11D3-BF4B-00C04F79EFBC}") = "Lendme.Core", "src\Monolithic\Lendme.Core\Lendme.Core.csproj", "{1A1315B0-AC1B-42CC-AFDC-17AC9DB07313}"
EndProject
Project("{FAE04EC0-301F-11D3-BF4B-00C04F79EFBC}") = "Lendme.Infrastructure", "src\Monolithic\Lendme.Infrastructure\Lendme.Infrastructure.csproj", "{6ABF4B5C-DBE0-45CA-B4EA-43F3E497A667}"
EndProject
Project("{FAE04EC0-301F-11D3-BF4B-00C04F79EFBC}") = "Lendme.Application", "src\Monolithic\Lendme.Application\Lendme.Application.csproj", "{F6F725EA-CC8D-48C1-A87D-ABF8916709D5}"
EndProject
Project("{2150E333-8FDC-42A3-9474-1A3956D46DE8}") = "dev", "dev", "{A7565D6C-D5A7-4F00-B869-4AAA71A8838E}"
	ProjectSection(SolutionItems) = preProject
		dev\docker-compose.dev.yml = dev\docker-compose.dev.yml
		dev\docker-compose.db-brokers.yml = dev\docker-compose.db-brokers.yml
	EndProjectSection
EndProject
Project("{2150E333-8FDC-42A3-9474-1A3956D46DE8}") = "MicroServices", "MicroServices", "{1193FE71-AAAE-424A-A690-4108EA1157DA}"
EndProject
Project("{2150E333-8FDC-42A3-9474-1A3956D46DE8}") = "CatalogService", "CatalogService", "{9DD3797B-BFB2-4F59-A6D3-23EE9B011177}"
EndProject
Project("{FAE04EC0-301F-11D3-BF4B-00C04F79EFBC}") = "LendMe.Catalog.Core", "src\MicroServices\CatalogService\LendMe.Catalog.Core\LendMe.Catalog.Core.csproj", "{8CD26B3A-F439-4352-B699-FC976164B6F5}"
EndProject
Project("{FAE04EC0-301F-11D3-BF4B-00C04F79EFBC}") = "LendMe.Catalog.Application", "src\MicroServices\CatalogService\LendMe.Catalog.Application\LendMe.Catalog.Application.csproj", "{3EDFFC93-9732-4B31-8813-C89BABAE33AC}"
EndProject
Project("{FAE04EC0-301F-11D3-BF4B-00C04F79EFBC}") = "LendMe.Catalog.Infrastructure", "src\MicroServices\CatalogService\LendMe.Catalog.Infrastructure\LendMe.Catalog.Infrastructure.csproj", "{8C524AB6-8684-4273-B117-8F6C33A99CF8}"
EndProject
Project("{FAE04EC0-301F-11D3-BF4B-00C04F79EFBC}") = "LendMe.Catalog.Web", "src\MicroServices\CatalogService\LendMe.Catalog.Web\LendMe.Catalog.Web.csproj", "{8C48F67D-2033-4FFF-B284-335BB991B711}"
EndProject
Global
	GlobalSection(SolutionConfigurationPlatforms) = preSolution
		Debug|Any CPU = Debug|Any CPU
		Release|Any CPU = Release|Any CPU
	EndGlobalSection
	GlobalSection(ProjectConfigurationPlatforms) = postSolution
		{13414C0E-6733-4EBD-AC6B-3A31FE1B9EF3}.Debug|Any CPU.ActiveCfg = Debug|Any CPU
		{13414C0E-6733-4EBD-AC6B-3A31FE1B9EF3}.Debug|Any CPU.Build.0 = Debug|Any CPU
		{13414C0E-6733-4EBD-AC6B-3A31FE1B9EF3}.Release|Any CPU.ActiveCfg = Release|Any CPU
		{13414C0E-6733-4EBD-AC6B-3A31FE1B9EF3}.Release|Any CPU.Build.0 = Release|Any CPU
		{1A1315B0-AC1B-42CC-AFDC-17AC9DB07313}.Debug|Any CPU.ActiveCfg = Debug|Any CPU
		{1A1315B0-AC1B-42CC-AFDC-17AC9DB07313}.Debug|Any CPU.Build.0 = Debug|Any CPU
		{1A1315B0-AC1B-42CC-AFDC-17AC9DB07313}.Release|Any CPU.ActiveCfg = Release|Any CPU
		{1A1315B0-AC1B-42CC-AFDC-17AC9DB07313}.Release|Any CPU.Build.0 = Release|Any CPU
		{6ABF4B5C-DBE0-45CA-B4EA-43F3E497A667}.Debug|Any CPU.ActiveCfg = Debug|Any CPU
		{6ABF4B5C-DBE0-45CA-B4EA-43F3E497A667}.Debug|Any CPU.Build.0 = Debug|Any CPU
		{6ABF4B5C-DBE0-45CA-B4EA-43F3E497A667}.Release|Any CPU.ActiveCfg = Release|Any CPU
		{6ABF4B5C-DBE0-45CA-B4EA-43F3E497A667}.Release|Any CPU.Build.0 = Release|Any CPU
		{F6F725EA-CC8D-48C1-A87D-ABF8916709D5}.Debug|Any CPU.ActiveCfg = Debug|Any CPU
		{F6F725EA-CC8D-48C1-A87D-ABF8916709D5}.Debug|Any CPU.Build.0 = Debug|Any CPU
		{F6F725EA-CC8D-48C1-A87D-ABF8916709D5}.Release|Any CPU.ActiveCfg = Release|Any CPU
		{F6F725EA-CC8D-48C1-A87D-ABF8916709D5}.Release|Any CPU.Build.0 = Release|Any CPU
		{8CD26B3A-F439-4352-B699-FC976164B6F5}.Debug|Any CPU.ActiveCfg = Debug|Any CPU
		{8CD26B3A-F439-4352-B699-FC976164B6F5}.Debug|Any CPU.Build.0 = Debug|Any CPU
		{8CD26B3A-F439-4352-B699-FC976164B6F5}.Release|Any CPU.ActiveCfg = Release|Any CPU
		{8CD26B3A-F439-4352-B699-FC976164B6F5}.Release|Any CPU.Build.0 = Release|Any CPU
		{3EDFFC93-9732-4B31-8813-C89BABAE33AC}.Debug|Any CPU.ActiveCfg = Debug|Any CPU
		{3EDFFC93-9732-4B31-8813-C89BABAE33AC}.Debug|Any CPU.Build.0 = Debug|Any CPU
		{3EDFFC93-9732-4B31-8813-C89BABAE33AC}.Release|Any CPU.ActiveCfg = Release|Any CPU
		{3EDFFC93-9732-4B31-8813-C89BABAE33AC}.Release|Any CPU.Build.0 = Release|Any CPU
		{8C524AB6-8684-4273-B117-8F6C33A99CF8}.Debug|Any CPU.ActiveCfg = Debug|Any CPU
		{8C524AB6-8684-4273-B117-8F6C33A99CF8}.Debug|Any CPU.Build.0 = Debug|Any CPU
		{8C524AB6-8684-4273-B117-8F6C33A99CF8}.Release|Any CPU.ActiveCfg = Release|Any CPU
		{8C524AB6-8684-4273-B117-8F6C33A99CF8}.Release|Any CPU.Build.0 = Release|Any CPU
		{8C48F67D-2033-4FFF-B284-335BB991B711}.Debug|Any CPU.ActiveCfg = Debug|Any CPU
		{8C48F67D-2033-4FFF-B284-335BB991B711}.Debug|Any CPU.Build.0 = Debug|Any CPU
		{8C48F67D-2033-4FFF-B284-335BB991B711}.Release|Any CPU.ActiveCfg = Release|Any CPU
		{8C48F67D-2033-4FFF-B284-335BB991B711}.Release|Any CPU.Build.0 = Release|Any CPU
	EndGlobalSection
	GlobalSection(NestedProjects) = preSolution
		{13414C0E-6733-4EBD-AC6B-3A31FE1B9EF3} = {3A7142BE-0B2E-4182-A59E-19B5070728CC}
		{1A1315B0-AC1B-42CC-AFDC-17AC9DB07313} = {3A7142BE-0B2E-4182-A59E-19B5070728CC}
		{6ABF4B5C-DBE0-45CA-B4EA-43F3E497A667} = {3A7142BE-0B2E-4182-A59E-19B5070728CC}
		{F6F725EA-CC8D-48C1-A87D-ABF8916709D5} = {3A7142BE-0B2E-4182-A59E-19B5070728CC}
		{1193FE71-AAAE-424A-A690-4108EA1157DA} = {3A7142BE-0B2E-4182-A59E-19B5070728CC}
		{9DD3797B-BFB2-4F59-A6D3-23EE9B011177} = {1193FE71-AAAE-424A-A690-4108EA1157DA}
		{8CD26B3A-F439-4352-B699-FC976164B6F5} = {9DD3797B-BFB2-4F59-A6D3-23EE9B011177}
		{3EDFFC93-9732-4B31-8813-C89BABAE33AC} = {9DD3797B-BFB2-4F59-A6D3-23EE9B011177}
		{8C524AB6-8684-4273-B117-8F6C33A99CF8} = {9DD3797B-BFB2-4F59-A6D3-23EE9B011177}
		{8C48F67D-2033-4FFF-B284-335BB991B711} = {9DD3797B-BFB2-4F59-A6D3-23EE9B011177}
	EndGlobalSection
EndGlobal
